
Microsoft Visual Studio Solution File, Format Version 12.00
# Visual Studio 14
VisualStudioVersion = 14.0.23107.0
MinimumVisualStudioVersion = 10.0.40219.1
Project("{FAE04EC0-301F-11D3-BF4B-00C04F79EFBC}") = "WhiteAndSpecFlow", "TestingProjectForWhite\WhiteAndSpecFlow.csproj", "{F40473D6-2CA2-4718-94FE-5FB6E1EE0B54}"
EndProject
Project("{2150E333-8FDC-42A3-9474-1A3956D46DE8}") = "Solution Items", "Solution Items", "{FDCBA4E7-AEB3-4D21-9D91-AC4DF55BE195}"
EndProject
Global
	GlobalSection(SolutionConfigurationPlatforms) = preSolution
		Debug|Any CPU = Debug|Any CPU
		Release|Any CPU = Release|Any CPU
	EndGlobalSection
	GlobalSection(ProjectConfigurationPlatforms) = postSolution
		{F40473D6-2CA2-4718-94FE-5FB6E1EE0B54}.Debug|Any CPU.ActiveCfg = Debug|Any CPU
		{F40473D6-2CA2-4718-94FE-5FB6E1EE0B54}.Debug|Any CPU.Build.0 = Debug|Any CPU
		{F40473D6-2CA2-4718-94FE-5FB6E1EE0B54}.Release|Any CPU.ActiveCfg = Release|Any CPU
		{F40473D6-2CA2-4718-94FE-5FB6E1EE0B54}.Release|Any CPU.Build.0 = Release|Any CPU
	EndGlobalSection
	GlobalSection(SolutionProperties) = preSolution
		HideSolutionNode = FALSE
	EndGlobalSection
EndGlobal
